
Microsoft Visual Studio Solution File, Format Version 12.00
# Visual Studio Version 16
VisualStudioVersion = 16.0.30128.74
MinimumVisualStudioVersion = 10.0.40219.1
Project("{FAE04EC0-301F-11D3-BF4B-00C04F79EFBC}") = "GamProj", "GamProj.csproj", "{10A4E1D1-044D-4A70-B30D-57ED8A8211EF}"
EndProject
Global
	GlobalSection(SolutionConfigurationPlatforms) = preSolution
		Debug|Any CPU = Debug|Any CPU
		Release|Any CPU = Release|Any CPU
	EndGlobalSection
	GlobalSection(ProjectConfigurationPlatforms) = postSolution
		{10A4E1D1-044D-4A70-B30D-57ED8A8211EF}.Debug|Any CPU.ActiveCfg = Debug|Any CPU
		{10A4E1D1-044D-4A70-B30D-57ED8A8211EF}.Debug|Any CPU.Build.0 = Debug|Any CPU
		{10A4E1D1-044D-4A70-B30D-57ED8A8211EF}.Release|Any CPU.ActiveCfg = Release|Any CPU
		{10A4E1D1-044D-4A70-B30D-57ED8A8211EF}.Release|Any CPU.Build.0 = Release|Any CPU
	EndGlobalSection
	GlobalSection(SolutionProperties) = preSolution
		HideSolutionNode = FALSE
	EndGlobalSection
	GlobalSection(ExtensibilityGlobals) = postSolution
		SolutionGuid = {5E1742B1-BEEC-4F2B-AAB1-7C303CA8B87D}
	EndGlobalSection
EndGlobal
